// !$*UTF8*$!
{
	archiveVersion = 1;
	classes = {
	};
	objectVersion = 46;
	objects = {

/* Begin PBXBuildFile section */
		1D60589F0D05DD5A006BFB54 /* Foundation.framework in Frameworks */ = {isa = PBXBuildFile; fileRef = 1D30AB110D05D00D00671497 /* Foundation.framework */; };
		1DF5F4E00D08C38300B7A737 /* UIKit.framework in Frameworks */ = {isa = PBXBuildFile; fileRef = 1DF5F4DF0D08C38300B7A737 /* UIKit.framework */; };
		288765FD0DF74451002DB57D /* CoreGraphics.framework in Frameworks */ = {isa = PBXBuildFile; fileRef = 288765FC0DF74451002DB57D /* CoreGraphics.framework */; };
		5326AEA810A23A0500278DE6 /* CoreLocation.framework in Frameworks */ = {isa = PBXBuildFile; fileRef = 5326AEA710A23A0500278DE6 /* CoreLocation.framework */; };
		53F323EB10A20EDB00E0DAE4 /* OpenAL.framework in Frameworks */ = {isa = PBXBuildFile; fileRef = 53F323EA10A20EDB00E0DAE4 /* OpenAL.framework */; };
		BB16EBD20F2B2A9500518274 /* OpenGLES.framework in Frameworks */ = {isa = PBXBuildFile; fileRef = BB16EBD10F2B2A9500518274 /* OpenGLES.framework */; };
		BB16EBD90F2B2AB500518274 /* QuartzCore.framework in Frameworks */ = {isa = PBXBuildFile; fileRef = BB16EBD80F2B2AB500518274 /* QuartzCore.framework */; };
		BBE5EAB80F49AD8400F28951 /* AudioToolbox.framework in Frameworks */ = {isa = PBXBuildFile; fileRef = BBE5EAB70F49AD8400F28951 /* AudioToolbox.framework */; };
		D743A2FE187710D10095E5FF /* Images.xcassets in Resources */ = {isa = PBXBuildFile; fileRef = D743A2FD187710D10095E5FF /* Images.xcassets */; };
		D743A302187711570095E5FF /* ricecake600.png in Resources */ = {isa = PBXBuildFile; fileRef = D743A300187711570095E5FF /* ricecake600.png */; };
		D743A306187711E00095E5FF /* MainView.storyboard in Resources */ = {isa = PBXBuildFile; fileRef = D743A305187711E00095E5FF /* MainView.storyboard */; };
		D743A309187712110095E5FF /* MainViewController.mm in Sources */ = {isa = PBXBuildFile; fileRef = D743A308187712110095E5FF /* MainViewController.mm */; };
		D743A36C18771BC20095E5FF /* AppDelegate.mm in Sources */ = {isa = PBXBuildFile; fileRef = D743A36B18771BC20095E5FF /* AppDelegate.mm */; };
		D743A36F187726240095E5FF /* PlayViewController.mm in Sources */ = {isa = PBXBuildFile; fileRef = D743A36E187726240095E5FF /* PlayViewController.mm */; };
		D7DFB3D51877A70300E03F6B /* PlayApp.mm in Sources */ = {isa = PBXBuildFile; fileRef = D7DFB3D41877A70300E03F6B /* PlayApp.mm */; };
		D7DFB4161877B48300E03F6B /* install.xml in Resources */ = {isa = PBXBuildFile; fileRef = D7DFB3E01877B48300E03F6B /* install.xml */; };
		D7DFB4171877B48300E03F6B /* aiColor4D.inl in Resources */ = {isa = PBXBuildFile; fileRef = D7DFB3E81877B48300E03F6B /* aiColor4D.inl */; };
		D7DFB4181877B48300E03F6B /* aiMaterial.inl in Resources */ = {isa = PBXBuildFile; fileRef = D7DFB3EE1877B48300E03F6B /* aiMaterial.inl */; };
		D7DFB4191877B48300E03F6B /* aiMatrix3x3.inl in Resources */ = {isa = PBXBuildFile; fileRef = D7DFB3F01877B48300E03F6B /* aiMatrix3x3.inl */; };
		D7DFB41A1877B48300E03F6B /* aiMatrix4x4.inl in Resources */ = {isa = PBXBuildFile; fileRef = D7DFB3F21877B48300E03F6B /* aiMatrix4x4.inl */; };
		D7DFB41B1877B48300E03F6B /* aiVector3D.inl in Resources */ = {isa = PBXBuildFile; fileRef = D7DFB3FB1877B48300E03F6B /* aiVector3D.inl */; };
		D7DFB41C1877B48300E03F6B /* assimp.a in Frameworks */ = {isa = PBXBuildFile; fileRef = D7DFB40B1877B48300E03F6B /* assimp.a */; };
		D7DFB41D1877B48300E03F6B /* assimp.a in Frameworks */ = {isa = PBXBuildFile; fileRef = D7DFB40D1877B48300E03F6B /* assimp.a */; };
		D7DFB41E1877B48300E03F6B /* ofxAssimpAnimation.cpp in Sources */ = {isa = PBXBuildFile; fileRef = D7DFB40F1877B48300E03F6B /* ofxAssimpAnimation.cpp */; };
		D7DFB41F1877B48300E03F6B /* ofxAssimpMeshHelper.cpp in Sources */ = {isa = PBXBuildFile; fileRef = D7DFB4111877B48300E03F6B /* ofxAssimpMeshHelper.cpp */; };
		D7DFB4201877B48300E03F6B /* ofxAssimpModelLoader.cpp in Sources */ = {isa = PBXBuildFile; fileRef = D7DFB4131877B48300E03F6B /* ofxAssimpModelLoader.cpp */; };
		D7F0DD8E18786835005E7E85 /* ricecakes.3ds in Resources */ = {isa = PBXBuildFile; fileRef = D7F0DD8D18786835005E7E85 /* ricecakes.3ds */; };
		E41D400B13B39D2100A75A5D /* AVFoundation.framework in Frameworks */ = {isa = PBXBuildFile; fileRef = E41D400613B39D2100A75A5D /* AVFoundation.framework */; };
		E41D400C13B39D2100A75A5D /* CoreMedia.framework in Frameworks */ = {isa = PBXBuildFile; fileRef = E41D400713B39D2100A75A5D /* CoreMedia.framework */; };
		E41D400D13B39D2100A75A5D /* CoreVideo.framework in Frameworks */ = {isa = PBXBuildFile; fileRef = E41D400813B39D2100A75A5D /* CoreVideo.framework */; };
		E41D400E13B39D2100A75A5D /* MapKit.framework in Frameworks */ = {isa = PBXBuildFile; fileRef = E41D400913B39D2100A75A5D /* MapKit.framework */; };
		E41D421413B3A95300A75A5D /* libofxiPhone_iphoneos_Debug.a in Frameworks */ = {isa = PBXBuildFile; fileRef = E41D410213B3A0D800A75A5D /* libofxiPhone_iphoneos_Debug.a */; };
		E4D8936E11527B74007E1F53 /* main.mm in Sources */ = {isa = PBXBuildFile; fileRef = E4D8936B11527B74007E1F53 /* main.mm */; };
/* End PBXBuildFile section */

/* Begin PBXContainerItemProxy section */
		E41D410113B3A0D800A75A5D /* PBXContainerItemProxy */ = {
			isa = PBXContainerItemProxy;
			containerPortal = E41D40FD13B3A0D800A75A5D /* iOS+OFLib.xcodeproj */;
			proxyType = 2;
			remoteGlobalIDString = BB24DED610DA7A3F00E9C588;
			remoteInfo = "iPhone+OF Static Library";
		};
		E41D410313B3A11300A75A5D /* PBXContainerItemProxy */ = {
			isa = PBXContainerItemProxy;
			containerPortal = E41D40FD13B3A0D800A75A5D /* iOS+OFLib.xcodeproj */;
			proxyType = 1;
			remoteGlobalIDString = BB24DE5C10DA7A3F00E9C588;
			remoteInfo = "iPhone+OF Static Library";
		};
/* End PBXContainerItemProxy section */

/* Begin PBXFileReference section */
		1D30AB110D05D00D00671497 /* Foundation.framework */ = {isa = PBXFileReference; lastKnownFileType = wrapper.framework; name = Foundation.framework; path = System/Library/Frameworks/Foundation.framework; sourceTree = SDKROOT; };
		1D6058910D05DD3D006BFB54 /* MoveRiceCakes.app */ = {isa = PBXFileReference; explicitFileType = wrapper.application; includeInIndex = 0; path = MoveRiceCakes.app; sourceTree = BUILT_PRODUCTS_DIR; };
		1DF5F4DF0D08C38300B7A737 /* UIKit.framework */ = {isa = PBXFileReference; lastKnownFileType = wrapper.framework; name = UIKit.framework; path = System/Library/Frameworks/UIKit.framework; sourceTree = SDKROOT; };
		288765FC0DF74451002DB57D /* CoreGraphics.framework */ = {isa = PBXFileReference; lastKnownFileType = wrapper.framework; name = CoreGraphics.framework; path = System/Library/Frameworks/CoreGraphics.framework; sourceTree = SDKROOT; };
		32CA4F630368D1EE00C91783 /* iPhone_Prefix.pch */ = {isa = PBXFileReference; fileEncoding = 4; lastKnownFileType = sourcecode.c.h; path = iPhone_Prefix.pch; sourceTree = "<group>"; };
		5326AEA710A23A0500278DE6 /* CoreLocation.framework */ = {isa = PBXFileReference; lastKnownFileType = wrapper.framework; name = CoreLocation.framework; path = System/Library/Frameworks/CoreLocation.framework; sourceTree = SDKROOT; };
		53F323EA10A20EDB00E0DAE4 /* OpenAL.framework */ = {isa = PBXFileReference; lastKnownFileType = wrapper.framework; name = OpenAL.framework; path = System/Library/Frameworks/OpenAL.framework; sourceTree = SDKROOT; };
		BB16EBD10F2B2A9500518274 /* OpenGLES.framework */ = {isa = PBXFileReference; lastKnownFileType = wrapper.framework; name = OpenGLES.framework; path = System/Library/Frameworks/OpenGLES.framework; sourceTree = SDKROOT; };
		BB16EBD80F2B2AB500518274 /* QuartzCore.framework */ = {isa = PBXFileReference; lastKnownFileType = wrapper.framework; name = QuartzCore.framework; path = System/Library/Frameworks/QuartzCore.framework; sourceTree = SDKROOT; };
		BB24DDC910DA781C00E9C588 /* ofxiphone-Info.plist */ = {isa = PBXFileReference; fileEncoding = 4; lastKnownFileType = text.plist.xml; path = "ofxiphone-Info.plist"; sourceTree = "<group>"; };
		BBE5EAB70F49AD8400F28951 /* AudioToolbox.framework */ = {isa = PBXFileReference; lastKnownFileType = wrapper.framework; name = AudioToolbox.framework; path = System/Library/Frameworks/AudioToolbox.framework; sourceTree = SDKROOT; };
		D743A2FD187710D10095E5FF /* Images.xcassets */ = {isa = PBXFileReference; lastKnownFileType = folder.assetcatalog; name = Images.xcassets; path = MoveRiceCakes/Images.xcassets; sourceTree = "<group>"; };
		D743A300187711570095E5FF /* ricecake600.png */ = {isa = PBXFileReference; lastKnownFileType = image.png; name = ricecake600.png; path = bin/data/ricecake600.png; sourceTree = "<group>"; };
		D743A305187711E00095E5FF /* MainView.storyboard */ = {isa = PBXFileReference; fileEncoding = 4; lastKnownFileType = file.storyboard; name = MainView.storyboard; path = src/gui/MainView.storyboard; sourceTree = "<group>"; };
		D743A307187712110095E5FF /* MainViewController.h */ = {isa = PBXFileReference; fileEncoding = 4; lastKnownFileType = sourcecode.c.h; name = MainViewController.h; path = src/gui/MainViewController.h; sourceTree = "<group>"; };
		D743A308187712110095E5FF /* MainViewController.mm */ = {isa = PBXFileReference; fileEncoding = 4; lastKnownFileType = sourcecode.cpp.objcpp; name = MainViewController.mm; path = src/gui/MainViewController.mm; sourceTree = "<group>"; };
		D743A36A18771BC20095E5FF /* AppDelegate.h */ = {isa = PBXFileReference; fileEncoding = 4; lastKnownFileType = sourcecode.c.h; path = AppDelegate.h; sourceTree = "<group>"; };
		D743A36B18771BC20095E5FF /* AppDelegate.mm */ = {isa = PBXFileReference; fileEncoding = 4; lastKnownFileType = sourcecode.cpp.objcpp; path = AppDelegate.mm; sourceTree = "<group>"; };
		D743A36D187726240095E5FF /* PlayViewController.h */ = {isa = PBXFileReference; fileEncoding = 4; lastKnownFileType = sourcecode.c.h; name = PlayViewController.h; path = src/gui/PlayViewController.h; sourceTree = "<group>"; };
		D743A36E187726240095E5FF /* PlayViewController.mm */ = {isa = PBXFileReference; fileEncoding = 4; lastKnownFileType = sourcecode.cpp.objcpp; name = PlayViewController.mm; path = src/gui/PlayViewController.mm; sourceTree = "<group>"; };
		D7DFB3D31877A70300E03F6B /* PlayApp.h */ = {isa = PBXFileReference; fileEncoding = 4; lastKnownFileType = sourcecode.c.h; path = PlayApp.h; sourceTree = "<group>"; };
		D7DFB3D41877A70300E03F6B /* PlayApp.mm */ = {isa = PBXFileReference; fileEncoding = 4; lastKnownFileType = sourcecode.cpp.objcpp; path = PlayApp.mm; sourceTree = "<group>"; };
		D7DFB3E01877B48300E03F6B /* install.xml */ = {isa = PBXFileReference; fileEncoding = 4; lastKnownFileType = text.xml; path = install.xml; sourceTree = "<group>"; };
		D7DFB3E41877B48300E03F6B /* aiAnim.h */ = {isa = PBXFileReference; fileEncoding = 4; lastKnownFileType = sourcecode.c.h; path = aiAnim.h; sourceTree = "<group>"; };
		D7DFB3E51877B48300E03F6B /* aiAssert.h */ = {isa = PBXFileReference; fileEncoding = 4; lastKnownFileType = sourcecode.c.h; path = aiAssert.h; sourceTree = "<group>"; };
		D7DFB3E61877B48300E03F6B /* aiCamera.h */ = {isa = PBXFileReference; fileEncoding = 4; lastKnownFileType = sourcecode.c.h; path = aiCamera.h; sourceTree = "<group>"; };
		D7DFB3E71877B48300E03F6B /* aiColor4D.h */ = {isa = PBXFileReference; fileEncoding = 4; lastKnownFileType = sourcecode.c.h; path = aiColor4D.h; sourceTree = "<group>"; };
		D7DFB3E81877B48300E03F6B /* aiColor4D.inl */ = {isa = PBXFileReference; fileEncoding = 4; lastKnownFileType = text; path = aiColor4D.inl; sourceTree = "<group>"; };
		D7DFB3E91877B48300E03F6B /* aiConfig.h */ = {isa = PBXFileReference; fileEncoding = 4; lastKnownFileType = sourcecode.c.h; path = aiConfig.h; sourceTree = "<group>"; };
		D7DFB3EA1877B48300E03F6B /* aiDefines.h */ = {isa = PBXFileReference; fileEncoding = 4; lastKnownFileType = sourcecode.c.h; path = aiDefines.h; sourceTree = "<group>"; };
		D7DFB3EB1877B48300E03F6B /* aiFileIO.h */ = {isa = PBXFileReference; fileEncoding = 4; lastKnownFileType = sourcecode.c.h; path = aiFileIO.h; sourceTree = "<group>"; };
		D7DFB3EC1877B48300E03F6B /* aiLight.h */ = {isa = PBXFileReference; fileEncoding = 4; lastKnownFileType = sourcecode.c.h; path = aiLight.h; sourceTree = "<group>"; };
		D7DFB3ED1877B48300E03F6B /* aiMaterial.h */ = {isa = PBXFileReference; fileEncoding = 4; lastKnownFileType = sourcecode.c.h; path = aiMaterial.h; sourceTree = "<group>"; };
		D7DFB3EE1877B48300E03F6B /* aiMaterial.inl */ = {isa = PBXFileReference; fileEncoding = 4; lastKnownFileType = text; path = aiMaterial.inl; sourceTree = "<group>"; };
		D7DFB3EF1877B48300E03F6B /* aiMatrix3x3.h */ = {isa = PBXFileReference; fileEncoding = 4; lastKnownFileType = sourcecode.c.h; path = aiMatrix3x3.h; sourceTree = "<group>"; };
		D7DFB3F01877B48300E03F6B /* aiMatrix3x3.inl */ = {isa = PBXFileReference; fileEncoding = 4; lastKnownFileType = text; path = aiMatrix3x3.inl; sourceTree = "<group>"; };
		D7DFB3F11877B48300E03F6B /* aiMatrix4x4.h */ = {isa = PBXFileReference; fileEncoding = 4; lastKnownFileType = sourcecode.c.h; path = aiMatrix4x4.h; sourceTree = "<group>"; };
		D7DFB3F21877B48300E03F6B /* aiMatrix4x4.inl */ = {isa = PBXFileReference; fileEncoding = 4; lastKnownFileType = text; path = aiMatrix4x4.inl; sourceTree = "<group>"; };
		D7DFB3F31877B48300E03F6B /* aiMesh.h */ = {isa = PBXFileReference; fileEncoding = 4; lastKnownFileType = sourcecode.c.h; path = aiMesh.h; sourceTree = "<group>"; };
		D7DFB3F41877B48300E03F6B /* aiPostProcess.h */ = {isa = PBXFileReference; fileEncoding = 4; lastKnownFileType = sourcecode.c.h; path = aiPostProcess.h; sourceTree = "<group>"; };
		D7DFB3F51877B48300E03F6B /* aiQuaternion.h */ = {isa = PBXFileReference; fileEncoding = 4; lastKnownFileType = sourcecode.c.h; path = aiQuaternion.h; sourceTree = "<group>"; };
		D7DFB3F61877B48300E03F6B /* aiScene.h */ = {isa = PBXFileReference; fileEncoding = 4; lastKnownFileType = sourcecode.c.h; path = aiScene.h; sourceTree = "<group>"; };
		D7DFB3F71877B48300E03F6B /* aiTexture.h */ = {isa = PBXFileReference; fileEncoding = 4; lastKnownFileType = sourcecode.c.h; path = aiTexture.h; sourceTree = "<group>"; };
		D7DFB3F81877B48300E03F6B /* aiTypes.h */ = {isa = PBXFileReference; fileEncoding = 4; lastKnownFileType = sourcecode.c.h; path = aiTypes.h; sourceTree = "<group>"; };
		D7DFB3F91877B48300E03F6B /* aiVector2D.h */ = {isa = PBXFileReference; fileEncoding = 4; lastKnownFileType = sourcecode.c.h; path = aiVector2D.h; sourceTree = "<group>"; };
		D7DFB3FA1877B48300E03F6B /* aiVector3D.h */ = {isa = PBXFileReference; fileEncoding = 4; lastKnownFileType = sourcecode.c.h; path = aiVector3D.h; sourceTree = "<group>"; };
		D7DFB3FB1877B48300E03F6B /* aiVector3D.inl */ = {isa = PBXFileReference; fileEncoding = 4; lastKnownFileType = text; path = aiVector3D.inl; sourceTree = "<group>"; };
		D7DFB3FC1877B48300E03F6B /* aiVersion.h */ = {isa = PBXFileReference; fileEncoding = 4; lastKnownFileType = sourcecode.c.h; path = aiVersion.h; sourceTree = "<group>"; };
		D7DFB3FD1877B48300E03F6B /* assimp.h */ = {isa = PBXFileReference; fileEncoding = 4; lastKnownFileType = sourcecode.c.h; path = assimp.h; sourceTree = "<group>"; };
		D7DFB3FE1877B48300E03F6B /* assimp.hpp */ = {isa = PBXFileReference; fileEncoding = 4; lastKnownFileType = sourcecode.cpp.h; path = assimp.hpp; sourceTree = "<group>"; };
		D7DFB4001877B48300E03F6B /* poppack1.h */ = {isa = PBXFileReference; fileEncoding = 4; lastKnownFileType = sourcecode.c.h; path = poppack1.h; sourceTree = "<group>"; };
		D7DFB4011877B48300E03F6B /* pushpack1.h */ = {isa = PBXFileReference; fileEncoding = 4; lastKnownFileType = sourcecode.c.h; path = pushpack1.h; sourceTree = "<group>"; };
		D7DFB4021877B48300E03F6B /* DefaultLogger.h */ = {isa = PBXFileReference; fileEncoding = 4; lastKnownFileType = sourcecode.c.h; path = DefaultLogger.h; sourceTree = "<group>"; };
		D7DFB4031877B48300E03F6B /* IOStream.h */ = {isa = PBXFileReference; fileEncoding = 4; lastKnownFileType = sourcecode.c.h; path = IOStream.h; sourceTree = "<group>"; };
		D7DFB4041877B48300E03F6B /* IOSystem.h */ = {isa = PBXFileReference; fileEncoding = 4; lastKnownFileType = sourcecode.c.h; path = IOSystem.h; sourceTree = "<group>"; };
		D7DFB4051877B48300E03F6B /* Logger.h */ = {isa = PBXFileReference; fileEncoding = 4; lastKnownFileType = sourcecode.c.h; path = Logger.h; sourceTree = "<group>"; };
		D7DFB4061877B48300E03F6B /* LogStream.h */ = {isa = PBXFileReference; fileEncoding = 4; lastKnownFileType = sourcecode.c.h; path = LogStream.h; sourceTree = "<group>"; };
		D7DFB4071877B48300E03F6B /* NullLogger.h */ = {isa = PBXFileReference; fileEncoding = 4; lastKnownFileType = sourcecode.c.h; path = NullLogger.h; sourceTree = "<group>"; };
		D7DFB4081877B48300E03F6B /* ProgressHandler.h */ = {isa = PBXFileReference; fileEncoding = 4; lastKnownFileType = sourcecode.c.h; path = ProgressHandler.h; sourceTree = "<group>"; };
		D7DFB40B1877B48300E03F6B /* assimp.a */ = {isa = PBXFileReference; lastKnownFileType = archive.ar; path = assimp.a; sourceTree = "<group>"; };
		D7DFB40D1877B48300E03F6B /* assimp.a */ = {isa = PBXFileReference; lastKnownFileType = archive.ar; path = assimp.a; sourceTree = "<group>"; };
		D7DFB40F1877B48300E03F6B /* ofxAssimpAnimation.cpp */ = {isa = PBXFileReference; fileEncoding = 4; lastKnownFileType = sourcecode.cpp.cpp; path = ofxAssimpAnimation.cpp; sourceTree = "<group>"; };
		D7DFB4101877B48300E03F6B /* ofxAssimpAnimation.h */ = {isa = PBXFileReference; fileEncoding = 4; lastKnownFileType = sourcecode.c.h; path = ofxAssimpAnimation.h; sourceTree = "<group>"; };
		D7DFB4111877B48300E03F6B /* ofxAssimpMeshHelper.cpp */ = {isa = PBXFileReference; fileEncoding = 4; lastKnownFileType = sourcecode.cpp.cpp; path = ofxAssimpMeshHelper.cpp; sourceTree = "<group>"; };
		D7DFB4121877B48300E03F6B /* ofxAssimpMeshHelper.h */ = {isa = PBXFileReference; fileEncoding = 4; lastKnownFileType = sourcecode.c.h; path = ofxAssimpMeshHelper.h; sourceTree = "<group>"; };
		D7DFB4131877B48300E03F6B /* ofxAssimpModelLoader.cpp */ = {isa = PBXFileReference; fileEncoding = 4; lastKnownFileType = sourcecode.cpp.cpp; path = ofxAssimpModelLoader.cpp; sourceTree = "<group>"; };
		D7DFB4141877B48300E03F6B /* ofxAssimpModelLoader.h */ = {isa = PBXFileReference; fileEncoding = 4; lastKnownFileType = sourcecode.c.h; path = ofxAssimpModelLoader.h; sourceTree = "<group>"; };
		D7DFB4151877B48300E03F6B /* ofxAssimpUtils.h */ = {isa = PBXFileReference; fileEncoding = 4; lastKnownFileType = sourcecode.c.h; path = ofxAssimpUtils.h; sourceTree = "<group>"; };
		D7F0DD8D18786835005E7E85 /* ricecakes.3ds */ = {isa = PBXFileReference; lastKnownFileType = file; name = ricecakes.3ds; path = bin/data/ricecakes.3ds; sourceTree = "<group>"; };
		E41D3ED613B38FB500A75A5D /* Project.xcconfig */ = {isa = PBXFileReference; fileEncoding = 4; lastKnownFileType = text.xcconfig; path = Project.xcconfig; sourceTree = "<group>"; };
		E41D3EE513B3906D00A75A5D /* CoreOF.xcconfig */ = {isa = PBXFileReference; fileEncoding = 4; lastKnownFileType = text.xcconfig; name = CoreOF.xcconfig; path = ../../../libs/openFrameworksCompiled/project/ios/CoreOF.xcconfig; sourceTree = SOURCE_ROOT; };
		E41D400613B39D2100A75A5D /* AVFoundation.framework */ = {isa = PBXFileReference; lastKnownFileType = wrapper.framework; name = AVFoundation.framework; path = System/Library/Frameworks/AVFoundation.framework; sourceTree = SDKROOT; };
		E41D400713B39D2100A75A5D /* CoreMedia.framework */ = {isa = PBXFileReference; lastKnownFileType = wrapper.framework; name = CoreMedia.framework; path = System/Library/Frameworks/CoreMedia.framework; sourceTree = SDKROOT; };
		E41D400813B39D2100A75A5D /* CoreVideo.framework */ = {isa = PBXFileReference; lastKnownFileType = wrapper.framework; name = CoreVideo.framework; path = System/Library/Frameworks/CoreVideo.framework; sourceTree = SDKROOT; };
		E41D400913B39D2100A75A5D /* MapKit.framework */ = {isa = PBXFileReference; lastKnownFileType = wrapper.framework; name = MapKit.framework; path = System/Library/Frameworks/MapKit.framework; sourceTree = SDKROOT; };
		E41D40FD13B3A0D800A75A5D /* iOS+OFLib.xcodeproj */ = {isa = PBXFileReference; lastKnownFileType = "wrapper.pb-project"; name = "iOS+OFLib.xcodeproj"; path = "../../../libs/openFrameworksCompiled/project/ios/iOS+OFLib.xcodeproj"; sourceTree = SOURCE_ROOT; };
		E4A823A312561BE3002F86A2 /* CoreGraphics.framework */ = {isa = PBXFileReference; lastKnownFileType = wrapper.framework; name = CoreGraphics.framework; path = System/Library/Frameworks/CoreGraphics.framework; sourceTree = SDKROOT; };
		E4D8936B11527B74007E1F53 /* main.mm */ = {isa = PBXFileReference; fileEncoding = 4; lastKnownFileType = sourcecode.cpp.objcpp; name = main.mm; path = src/main.mm; sourceTree = SOURCE_ROOT; };
/* End PBXFileReference section */

/* Begin PBXFrameworksBuildPhase section */
		1D60588F0D05DD3D006BFB54 /* Frameworks */ = {
			isa = PBXFrameworksBuildPhase;
			buildActionMask = 2147483647;
			files = (
				E41D421413B3A95300A75A5D /* libofxiPhone_iphoneos_Debug.a in Frameworks */,
				D7DFB41C1877B48300E03F6B /* assimp.a in Frameworks */,
				1D60589F0D05DD5A006BFB54 /* Foundation.framework in Frameworks */,
				1DF5F4E00D08C38300B7A737 /* UIKit.framework in Frameworks */,
				D7DFB41D1877B48300E03F6B /* assimp.a in Frameworks */,
				288765FD0DF74451002DB57D /* CoreGraphics.framework in Frameworks */,
				BB16EBD20F2B2A9500518274 /* OpenGLES.framework in Frameworks */,
				BB16EBD90F2B2AB500518274 /* QuartzCore.framework in Frameworks */,
				BBE5EAB80F49AD8400F28951 /* AudioToolbox.framework in Frameworks */,
				53F323EB10A20EDB00E0DAE4 /* OpenAL.framework in Frameworks */,
				5326AEA810A23A0500278DE6 /* CoreLocation.framework in Frameworks */,
				E41D400B13B39D2100A75A5D /* AVFoundation.framework in Frameworks */,
				E41D400C13B39D2100A75A5D /* CoreMedia.framework in Frameworks */,
				E41D400D13B39D2100A75A5D /* CoreVideo.framework in Frameworks */,
				E41D400E13B39D2100A75A5D /* MapKit.framework in Frameworks */,
			);
			runOnlyForDeploymentPostprocessing = 0;
		};
/* End PBXFrameworksBuildPhase section */

/* Begin PBXGroup section */
		19C28FACFE9D520D11CA2CBB /* Products */ = {
			isa = PBXGroup;
			children = (
				1D6058910D05DD3D006BFB54 /* MoveRiceCakes.app */,
			);
			name = Products;
			sourceTree = "<group>";
		};
		29B97314FDCFA39411CA2CEA /* CustomTemplate */ = {
			isa = PBXGroup;
			children = (
				D743A304187711BD0095E5FF /* gui */,
				D743A2FF1877113B0095E5FF /* files */,
				D743A2FD187710D10095E5FF /* Images.xcassets */,
				E4D8936A11527B74007E1F53 /* src */,
				BB24E1F710DAA51900E9C588 /* openFrameworks */,
				BB16F26B0F2B646B00518274 /* addons */,
				BB16E9930F2B1E5900518274 /* libs */,
				19C28FACFE9D520D11CA2CBB /* Products */,
			);
			name = CustomTemplate;
			sourceTree = "<group>";
		};
		29B97323FDCFA39411CA2CEA /* core frameworks */ = {
			isa = PBXGroup;
			children = (
				E41D400613B39D2100A75A5D /* AVFoundation.framework */,
				E41D400713B39D2100A75A5D /* CoreMedia.framework */,
				E41D400813B39D2100A75A5D /* CoreVideo.framework */,
				E41D400913B39D2100A75A5D /* MapKit.framework */,
				53F323EA10A20EDB00E0DAE4 /* OpenAL.framework */,
				E4A823A312561BE3002F86A2 /* CoreGraphics.framework */,
				BBE5EAB70F49AD8400F28951 /* AudioToolbox.framework */,
				BB16EBD80F2B2AB500518274 /* QuartzCore.framework */,
				BB16EBD10F2B2A9500518274 /* OpenGLES.framework */,
				1DF5F4DF0D08C38300B7A737 /* UIKit.framework */,
				1D30AB110D05D00D00671497 /* Foundation.framework */,
				288765FC0DF74451002DB57D /* CoreGraphics.framework */,
				5326AEA710A23A0500278DE6 /* CoreLocation.framework */,
			);
			name = "core frameworks";
			sourceTree = "<group>";
		};
		BB16E9930F2B1E5900518274 /* libs */ = {
			isa = PBXGroup;
			children = (
				BBE5E94E0F497BD800F28951 /* core */,
			);
			name = libs;
			sourceTree = "<group>";
		};
		BB16F26B0F2B646B00518274 /* addons */ = {
			isa = PBXGroup;
			children = (
				D7DFB3DF1877B48300E03F6B /* ofxAssimpModelLoader */,
			);
			name = addons;
			sourceTree = "<group>";
		};
		BB24E1F710DAA51900E9C588 /* openFrameworks */ = {
			isa = PBXGroup;
			children = (
				E41D40FD13B3A0D800A75A5D /* iOS+OFLib.xcodeproj */,
				32CA4F630368D1EE00C91783 /* iPhone_Prefix.pch */,
				BB24DDC910DA781C00E9C588 /* ofxiphone-Info.plist */,
				E41D3EE513B3906D00A75A5D /* CoreOF.xcconfig */,
				E41D3ED613B38FB500A75A5D /* Project.xcconfig */,
			);
			name = openFrameworks;
			sourceTree = "<group>";
		};
		BBE5E94E0F497BD800F28951 /* core */ = {
			isa = PBXGroup;
			children = (
				29B97323FDCFA39411CA2CEA /* core frameworks */,
			);
			name = core;
			sourceTree = "<group>";
		};
		D743A2FF1877113B0095E5FF /* files */ = {
			isa = PBXGroup;
			children = (
				D7F0DD8D18786835005E7E85 /* ricecakes.3ds */,
				D743A300187711570095E5FF /* ricecake600.png */,
			);
			name = files;
			sourceTree = "<group>";
		};
		D743A304187711BD0095E5FF /* gui */ = {
			isa = PBXGroup;
			children = (
				D743A305187711E00095E5FF /* MainView.storyboard */,
				D743A307187712110095E5FF /* MainViewController.h */,
				D743A308187712110095E5FF /* MainViewController.mm */,
				D743A36D187726240095E5FF /* PlayViewController.h */,
				D743A36E187726240095E5FF /* PlayViewController.mm */,
			);
			name = gui;
			sourceTree = "<group>";
		};
		D7DFB3DF1877B48300E03F6B /* ofxAssimpModelLoader */ = {
			isa = PBXGroup;
			children = (
				D7DFB3E01877B48300E03F6B /* install.xml */,
				D7DFB3E11877B48300E03F6B /* libs */,
				D7DFB40E1877B48300E03F6B /* src */,
			);
			path = ofxAssimpModelLoader;
			sourceTree = "<group>";
		};
		D7DFB3E11877B48300E03F6B /* libs */ = {
			isa = PBXGroup;
			children = (
				D7DFB3E21877B48300E03F6B /* assimp */,
			);
			path = libs;
			sourceTree = "<group>";
		};
		D7DFB3E21877B48300E03F6B /* assimp */ = {
			isa = PBXGroup;
			children = (
				D7DFB3E31877B48300E03F6B /* include */,
				D7DFB4091877B48300E03F6B /* lib */,
			);
			path = assimp;
			sourceTree = "<group>";
		};
		D7DFB3E31877B48300E03F6B /* include */ = {
			isa = PBXGroup;
			children = (
				D7DFB3E41877B48300E03F6B /* aiAnim.h */,
				D7DFB3E51877B48300E03F6B /* aiAssert.h */,
				D7DFB3E61877B48300E03F6B /* aiCamera.h */,
				D7DFB3E71877B48300E03F6B /* aiColor4D.h */,
				D7DFB3E81877B48300E03F6B /* aiColor4D.inl */,
				D7DFB3E91877B48300E03F6B /* aiConfig.h */,
				D7DFB3EA1877B48300E03F6B /* aiDefines.h */,
				D7DFB3EB1877B48300E03F6B /* aiFileIO.h */,
				D7DFB3EC1877B48300E03F6B /* aiLight.h */,
				D7DFB3ED1877B48300E03F6B /* aiMaterial.h */,
				D7DFB3EE1877B48300E03F6B /* aiMaterial.inl */,
				D7DFB3EF1877B48300E03F6B /* aiMatrix3x3.h */,
				D7DFB3F01877B48300E03F6B /* aiMatrix3x3.inl */,
				D7DFB3F11877B48300E03F6B /* aiMatrix4x4.h */,
				D7DFB3F21877B48300E03F6B /* aiMatrix4x4.inl */,
				D7DFB3F31877B48300E03F6B /* aiMesh.h */,
				D7DFB3F41877B48300E03F6B /* aiPostProcess.h */,
				D7DFB3F51877B48300E03F6B /* aiQuaternion.h */,
				D7DFB3F61877B48300E03F6B /* aiScene.h */,
				D7DFB3F71877B48300E03F6B /* aiTexture.h */,
				D7DFB3F81877B48300E03F6B /* aiTypes.h */,
				D7DFB3F91877B48300E03F6B /* aiVector2D.h */,
				D7DFB3FA1877B48300E03F6B /* aiVector3D.h */,
				D7DFB3FB1877B48300E03F6B /* aiVector3D.inl */,
				D7DFB3FC1877B48300E03F6B /* aiVersion.h */,
				D7DFB3FD1877B48300E03F6B /* assimp.h */,
				D7DFB3FE1877B48300E03F6B /* assimp.hpp */,
				D7DFB3FF1877B48300E03F6B /* Compiler */,
				D7DFB4021877B48300E03F6B /* DefaultLogger.h */,
				D7DFB4031877B48300E03F6B /* IOStream.h */,
				D7DFB4041877B48300E03F6B /* IOSystem.h */,
				D7DFB4051877B48300E03F6B /* Logger.h */,
				D7DFB4061877B48300E03F6B /* LogStream.h */,
				D7DFB4071877B48300E03F6B /* NullLogger.h */,
				D7DFB4081877B48300E03F6B /* ProgressHandler.h */,
			);
			path = include;
			sourceTree = "<group>";
		};
		D7DFB3FF1877B48300E03F6B /* Compiler */ = {
			isa = PBXGroup;
			children = (
				D7DFB4001877B48300E03F6B /* poppack1.h */,
				D7DFB4011877B48300E03F6B /* pushpack1.h */,
			);
			path = Compiler;
			sourceTree = "<group>";
		};
		D7DFB4091877B48300E03F6B /* lib */ = {
			isa = PBXGroup;
			children = (
				D7DFB40A1877B48300E03F6B /* ios */,
				D7DFB40C1877B48300E03F6B /* osx */,
			);
			path = lib;
			sourceTree = "<group>";
		};
		D7DFB40A1877B48300E03F6B /* ios */ = {
			isa = PBXGroup;
			children = (
				D7DFB40B1877B48300E03F6B /* assimp.a */,
			);
			path = ios;
			sourceTree = "<group>";
		};
		D7DFB40C1877B48300E03F6B /* osx */ = {
			isa = PBXGroup;
			children = (
				D7DFB40D1877B48300E03F6B /* assimp.a */,
			);
			path = osx;
			sourceTree = "<group>";
		};
		D7DFB40E1877B48300E03F6B /* src */ = {
			isa = PBXGroup;
			children = (
				D7DFB40F1877B48300E03F6B /* ofxAssimpAnimation.cpp */,
				D7DFB4101877B48300E03F6B /* ofxAssimpAnimation.h */,
				D7DFB4111877B48300E03F6B /* ofxAssimpMeshHelper.cpp */,
				D7DFB4121877B48300E03F6B /* ofxAssimpMeshHelper.h */,
				D7DFB4131877B48300E03F6B /* ofxAssimpModelLoader.cpp */,
				D7DFB4141877B48300E03F6B /* ofxAssimpModelLoader.h */,
				D7DFB4151877B48300E03F6B /* ofxAssimpUtils.h */,
			);
			path = src;
			sourceTree = "<group>";
		};
		E41D40FE13B3A0D800A75A5D /* Products */ = {
			isa = PBXGroup;
			children = (
				E41D410213B3A0D800A75A5D /* libofxiPhone_iphoneos_Debug.a */,
			);
			name = Products;
			sourceTree = "<group>";
		};
		E4D8936A11527B74007E1F53 /* src */ = {
			isa = PBXGroup;
			children = (
				D7DFB3D31877A70300E03F6B /* PlayApp.h */,
				D7DFB3D41877A70300E03F6B /* PlayApp.mm */,
				D743A36A18771BC20095E5FF /* AppDelegate.h */,
				D743A36B18771BC20095E5FF /* AppDelegate.mm */,
				E4D8936B11527B74007E1F53 /* main.mm */,
			);
			path = src;
			sourceTree = SOURCE_ROOT;
		};
/* End PBXGroup section */

/* Begin PBXNativeTarget section */
		1D6058900D05DD3D006BFB54 /* MoveRiceCakes */ = {
			isa = PBXNativeTarget;
			buildConfigurationList = 1D6058960D05DD3E006BFB54 /* Build configuration list for PBXNativeTarget "MoveRiceCakes" */;
			buildPhases = (
				1D60588D0D05DD3D006BFB54 /* Resources */,
				1D60588E0D05DD3D006BFB54 /* Sources */,
				1D60588F0D05DD3D006BFB54 /* Frameworks */,
				9255DD331112741900D6945E /* ShellScript */,
			);
			buildRules = (
			);
			dependencies = (
				E41D410413B3A11300A75A5D /* PBXTargetDependency */,
			);
			name = MoveRiceCakes;
			productName = iPhone;
			productReference = 1D6058910D05DD3D006BFB54 /* MoveRiceCakes.app */;
			productType = "com.apple.product-type.application";
		};
/* End PBXNativeTarget section */

/* Begin PBXProject section */
		29B97313FDCFA39411CA2CEA /* Project object */ = {
			isa = PBXProject;
			attributes = {
				LastUpgradeCheck = 0500;
				TargetAttributes = {
					1D6058900D05DD3D006BFB54 = {
						DevelopmentTeam = 4XX8559747;
					};
				};
			};
			buildConfigurationList = C01FCF4E08A954540054247B /* Build configuration list for PBXProject "MoveRiceCakes" */;
			compatibilityVersion = "Xcode 3.2";
			developmentRegion = English;
			hasScannedForEncodings = 1;
			knownRegions = (
				English,
				Japanese,
				French,
				German,
			);
			mainGroup = 29B97314FDCFA39411CA2CEA /* CustomTemplate */;
			projectDirPath = "";
			projectReferences = (
				{
					ProductGroup = E41D40FE13B3A0D800A75A5D /* Products */;
					ProjectRef = E41D40FD13B3A0D800A75A5D /* iOS+OFLib.xcodeproj */;
				},
			);
			projectRoot = "";
			targets = (
				1D6058900D05DD3D006BFB54 /* MoveRiceCakes */,
			);
		};
/* End PBXProject section */

/* Begin PBXReferenceProxy section */
		E41D410213B3A0D800A75A5D /* libofxiPhone_iphoneos_Debug.a */ = {
			isa = PBXReferenceProxy;
			fileType = archive.ar;
			path = libofxiPhone_iphoneos_Debug.a;
			remoteRef = E41D410113B3A0D800A75A5D /* PBXContainerItemProxy */;
			sourceTree = BUILT_PRODUCTS_DIR;
		};
/* End PBXReferenceProxy section */

/* Begin PBXResourcesBuildPhase section */
		1D60588D0D05DD3D006BFB54 /* Resources */ = {
			isa = PBXResourcesBuildPhase;
			buildActionMask = 2147483647;
			files = (
				D7DFB41B1877B48300E03F6B /* aiVector3D.inl in Resources */,
				D7DFB4161877B48300E03F6B /* install.xml in Resources */,
				D743A2FE187710D10095E5FF /* Images.xcassets in Resources */,
				D7DFB41A1877B48300E03F6B /* aiMatrix4x4.inl in Resources */,
				D743A302187711570095E5FF /* ricecake600.png in Resources */,
				D7F0DD8E18786835005E7E85 /* ricecakes.3ds in Resources */,
				D7DFB4191877B48300E03F6B /* aiMatrix3x3.inl in Resources */,
				D7DFB4171877B48300E03F6B /* aiColor4D.inl in Resources */,
				D7DFB4181877B48300E03F6B /* aiMaterial.inl in Resources */,
				D743A306187711E00095E5FF /* MainView.storyboard in Resources */,
			);
			runOnlyForDeploymentPostprocessing = 0;
		};
/* End PBXResourcesBuildPhase section */

/* Begin PBXShellScriptBuildPhase section */
		9255DD331112741900D6945E /* ShellScript */ = {
			isa = PBXShellScriptBuildPhase;
			buildActionMask = 2147483647;
			files = (
			);
			inputPaths = (
			);
			outputPaths = (
			);
			runOnlyForDeploymentPostprocessing = 0;
			shellPath = /bin/sh;
			shellScript = "cp -rf bin/data/ \"$TARGET_BUILD_DIR/$PRODUCT_NAME.app\"\n";
		};
/* End PBXShellScriptBuildPhase section */

/* Begin PBXSourcesBuildPhase section */
		1D60588E0D05DD3D006BFB54 /* Sources */ = {
			isa = PBXSourcesBuildPhase;
			buildActionMask = 2147483647;
			files = (
				D743A36F187726240095E5FF /* PlayViewController.mm in Sources */,
				D7DFB41E1877B48300E03F6B /* ofxAssimpAnimation.cpp in Sources */,
				E4D8936E11527B74007E1F53 /* main.mm in Sources */,
				D7DFB4201877B48300E03F6B /* ofxAssimpModelLoader.cpp in Sources */,
				D743A309187712110095E5FF /* MainViewController.mm in Sources */,
				D743A36C18771BC20095E5FF /* AppDelegate.mm in Sources */,
				D7DFB41F1877B48300E03F6B /* ofxAssimpMeshHelper.cpp in Sources */,
				D7DFB3D51877A70300E03F6B /* PlayApp.mm in Sources */,
			);
			runOnlyForDeploymentPostprocessing = 0;
		};
/* End PBXSourcesBuildPhase section */

/* Begin PBXTargetDependency section */
		E41D410413B3A11300A75A5D /* PBXTargetDependency */ = {
			isa = PBXTargetDependency;
			name = "iPhone+OF Static Library";
			targetProxy = E41D410313B3A11300A75A5D /* PBXContainerItemProxy */;
		};
/* End PBXTargetDependency section */

/* Begin XCBuildConfiguration section */
		1D6058940D05DD3E006BFB54 /* Debug */ = {
			isa = XCBuildConfiguration;
			buildSettings = {
				ALWAYS_SEARCH_USER_PATHS = NO;
				ASSETCATALOG_COMPILER_APPICON_NAME = AppIcon;
				ASSETCATALOG_COMPILER_LAUNCHIMAGE_NAME = LaunchImage;
				CODE_SIGN_IDENTITY = "iPhone Developer";
				GCC_PRECOMPILE_PREFIX_HEADER = YES;
				GCC_PREFIX_HEADER = iPhone_Prefix.pch;
				INFOPLIST_FILE = "ofxiphone-Info.plist";
				LIBRARY_SEARCH_PATHS = (
					"$(inherited)",
					"$(SYSTEM_APPS_DIR)/openFrameworks_v0.7.4_ios/apps/myApps/MoveRiceCakes/ofxAssimpModelLoader/libs/assimp/lib/ios",
					"$(SYSTEM_APPS_DIR)/openFrameworks_v0.7.4_ios/apps/myApps/MoveRiceCakes/ofxAssimpModelLoader/libs/assimp/lib/osx",
				);
				PRODUCT_NAME = "${TARGET_NAME}";
				VALID_ARCHS = "armv6 armv7";
			};
			name = Debug;
		};
		1D6058950D05DD3E006BFB54 /* Release */ = {
			isa = XCBuildConfiguration;
			buildSettings = {
				ASSETCATALOG_COMPILER_APPICON_NAME = AppIcon;
				ASSETCATALOG_COMPILER_LAUNCHIMAGE_NAME = LaunchImage;
				CODE_SIGN_IDENTITY = "iPhone Developer";
				GCC_PRECOMPILE_PREFIX_HEADER = YES;
				GCC_PREFIX_HEADER = iPhone_Prefix.pch;
				INFOPLIST_FILE = "ofxiphone-Info.plist";
				LIBRARY_SEARCH_PATHS = (
					"$(inherited)",
					"$(SYSTEM_APPS_DIR)/openFrameworks_v0.7.4_ios/apps/myApps/MoveRiceCakes/ofxAssimpModelLoader/libs/assimp/lib/ios",
					"$(SYSTEM_APPS_DIR)/openFrameworks_v0.7.4_ios/apps/myApps/MoveRiceCakes/ofxAssimpModelLoader/libs/assimp/lib/osx",
				);
				PRODUCT_NAME = "${TARGET_NAME}";
				VALID_ARCHS = "armv6 armv7";
			};
			name = Release;
		};
		C01FCF4F08A954540054247B /* Debug */ = {
			isa = XCBuildConfiguration;
			baseConfigurationReference = E41D3ED613B38FB500A75A5D /* Project.xcconfig */;
			buildSettings = {
				ALWAYS_SEARCH_USER_PATHS = YES;
				CODE_SIGN_IDENTITY = "";
				"CODE_SIGN_IDENTITY[sdk=iphoneos*]" = "iPhone Developer";
				COMPRESS_PNG_FILES = NO;
				GCC_C_LANGUAGE_STANDARD = c99;
				GCC_OPTIMIZATION_LEVEL = 0;
				GCC_SYMBOLS_PRIVATE_EXTERN = NO;
				GCC_WARN_ABOUT_DEPRECATED_FUNCTIONS = NO;
				GCC_WARN_ABOUT_INVALID_OFFSETOF_MACRO = NO;
				GCC_WARN_ABOUT_POINTER_SIGNEDNESS = NO;
				GCC_WARN_ABOUT_RETURN_TYPE = YES;
				GCC_WARN_ALLOW_INCOMPLETE_PROTOCOL = NO;
				GCC_WARN_PROTOTYPE_CONVERSION = NO;
				GCC_WARN_UNUSED_VARIABLE = YES;
				HEADER_SEARCH_PATHS = (
					"$(OF_CORE_HEADERS)",
					../../../addons/ofx3DModelLoader/libs,
					../../../addons/ofx3DModelLoader/src,
					../../../addons/ofx3DModelLoader/src/3DS,
				);
				IPHONEOS_DEPLOYMENT_TARGET = 6.1;
				ONLY_ACTIVE_ARCH = YES;
				PREBINDING = NO;
				"PROVISIONING_PROFILE[sdk=iphoneos*]" = "";
				SDKROOT = iphoneos;
				TARGETED_DEVICE_FAMILY = 1;
				WARNING_LDFLAGS = "-no_arch_warnings";
			};
			name = Debug;
		};
		C01FCF5008A954540054247B /* Release */ = {
			isa = XCBuildConfiguration;
			baseConfigurationReference = E41D3ED613B38FB500A75A5D /* Project.xcconfig */;
			buildSettings = {
				ALWAYS_SEARCH_USER_PATHS = YES;
				CODE_SIGN_IDENTITY = "";
				"CODE_SIGN_IDENTITY[sdk=iphoneos*]" = "iPhone Developer";
				COMPRESS_PNG_FILES = NO;
				GCC_C_LANGUAGE_STANDARD = c99;
				GCC_DYNAMIC_NO_PIC = YES;
				GCC_GENERATE_DEBUGGING_SYMBOLS = NO;
				GCC_OPTIMIZATION_LEVEL = 3;
				GCC_SYMBOLS_PRIVATE_EXTERN = NO;
				GCC_THUMB_SUPPORT = NO;
				GCC_WARN_ABOUT_RETURN_TYPE = YES;
				GCC_WARN_UNUSED_VARIABLE = YES;
				HEADER_SEARCH_PATHS = (
					"$(OF_CORE_HEADERS)",
					../../../addons/ofx3DModelLoader/libs,
					../../../addons/ofx3DModelLoader/src,
					../../../addons/ofx3DModelLoader/src/3DS,
				);
				IPHONEOS_DEPLOYMENT_TARGET = 6.1;
				ONLY_ACTIVE_ARCH = NO;
				PREBINDING = NO;
				SDKROOT = iphoneos;
				TARGETED_DEVICE_FAMILY = 1;
				WARNING_LDFLAGS = "-no_arch_warnings";
			};
			name = Release;
		};
/* End XCBuildConfiguration section */

/* Begin XCConfigurationList section */
		1D6058960D05DD3E006BFB54 /* Build configuration list for PBXNativeTarget "MoveRiceCakes" */ = {
			isa = XCConfigurationList;
			buildConfigurations = (
				1D6058940D05DD3E006BFB54 /* Debug */,
				1D6058950D05DD3E006BFB54 /* Release */,
			);
			defaultConfigurationIsVisible = 0;
			defaultConfigurationName = Release;
		};
		C01FCF4E08A954540054247B /* Build configuration list for PBXProject "MoveRiceCakes" */ = {
			isa = XCConfigurationList;
			buildConfigurations = (
				C01FCF4F08A954540054247B /* Debug */,
				C01FCF5008A954540054247B /* Release */,
			);
			defaultConfigurationIsVisible = 0;
			defaultConfigurationName = Release;
		};
/* End XCConfigurationList section */
	};
	rootObject = 29B97313FDCFA39411CA2CEA /* Project object */;
}
